
Microsoft Visual Studio Solution File, Format Version 12.00
# Visual Studio Version 17
VisualStudioVersion = 17.11.35303.130
MinimumVisualStudioVersion = 10.0.40219.1
Project("{FAE04EC0-301F-11D3-BF4B-00C04F79EFBC}") = "AppTestAWSS3", "AppTestAWSS3\AppTestAWSS3.csproj", "{4A22F046-805F-421C-AC7B-A22AF1BC80FA}"
EndProject
Global
	GlobalSection(SolutionConfigurationPlatforms) = preSolution
		Debug|Any CPU = Debug|Any CPU
		Release|Any CPU = Release|Any CPU
	EndGlobalSection
	GlobalSection(ProjectConfigurationPlatforms) = postSolution
		{4A22F046-805F-421C-AC7B-A22AF1BC80FA}.Debug|Any CPU.ActiveCfg = Debug|Any CPU
		{4A22F046-805F-421C-AC7B-A22AF1BC80FA}.Debug|Any CPU.Build.0 = Debug|Any CPU
		{4A22F046-805F-421C-AC7B-A22AF1BC80FA}.Release|Any CPU.ActiveCfg = Release|Any CPU
		{4A22F046-805F-421C-AC7B-A22AF1BC80FA}.Release|Any CPU.Build.0 = Release|Any CPU
	EndGlobalSection
	GlobalSection(SolutionProperties) = preSolution
		HideSolutionNode = FALSE
	EndGlobalSection
	GlobalSection(ExtensibilityGlobals) = postSolution
		SolutionGuid = {7021EF46-D7DD-4E69-A506-6D66B7DBC509}
	EndGlobalSection
EndGlobal
